
Microsoft Visual Studio Solution File, Format Version 12.00
# Visual Studio 15
VisualStudioVersion = 15.0.28307.1169
MinimumVisualStudioVersion = 10.0.40219.1
Project("{8BC9CEB8-8B4A-11D0-8D11-00A0C91BC942}") = "serval client", "serval client\serval client.vcxproj", "{ACB46C60-4F8E-4514-818C-5A6179DAAFDD}"
EndProject
Global
	GlobalSection(SolutionConfigurationPlatforms) = preSolution
		Debug|x64 = Debug|x64
		Debug|x86 = Debug|x86
		Release|x64 = Release|x64
		Release|x86 = Release|x86
	EndGlobalSection
	GlobalSection(ProjectConfigurationPlatforms) = postSolution
		{ACB46C60-4F8E-4514-818C-5A6179DAAFDD}.Debug|x64.ActiveCfg = Debug|x64
		{ACB46C60-4F8E-4514-818C-5A6179DAAFDD}.Debug|x64.Build.0 = Debug|x64
		{ACB46C60-4F8E-4514-818C-5A6179DAAFDD}.Debug|x86.ActiveCfg = Debug|Win32
		{ACB46C60-4F8E-4514-818C-5A6179DAAFDD}.Debug|x86.Build.0 = Debug|Win32
		{ACB46C60-4F8E-4514-818C-5A6179DAAFDD}.Release|x64.ActiveCfg = Release|x64
		{ACB46C60-4F8E-4514-818C-5A6179DAAFDD}.Release|x64.Build.0 = Release|x64
		{ACB46C60-4F8E-4514-818C-5A6179DAAFDD}.Release|x86.ActiveCfg = Release|Win32
		{ACB46C60-4F8E-4514-818C-5A6179DAAFDD}.Release|x86.Build.0 = Release|Win32
	EndGlobalSection
	GlobalSection(SolutionProperties) = preSolution
		HideSolutionNode = FALSE
	EndGlobalSection
	GlobalSection(ExtensibilityGlobals) = postSolution
		SolutionGuid = {5EA67153-6830-482D-B733-9A2DB4665F62}
	EndGlobalSection
EndGlobal
